{
  "name": "packdev-test-suite",
  "version": "1.0.0",
  "lockfileVersion": 3,
  "requires": true,
  "packages": {
    "": {
      "name": "packdev-test-suite",
      "version": "1.0.0",
      "license": "ISC",
      "engines": {
        "node": ">=16.0.0"
      }
    },
    "fake-lodash": {
      "name": "lodash",
      "version": "4.17.21",
      "extraneous": true,
      "license": "MIT",
      "engines": {
        "node": ">=0.10.0"
      }
    }
  }
}
